
Microsoft Visual Studio Solution File, Format Version 12.00
# Visual Studio Version 17
VisualStudioVersion = 17.13.35931.197
MinimumVisualStudioVersion = 10.0.40219.1
Project("{FAE04EC0-301F-11D3-BF4B-00C04F79EFBC}") = "Ziewaar.RAD.Doodads.CoreLibrary", "Ziewaar.RAD.Doodads.CoreLibrary\Ziewaar.RAD.Doodads.CoreLibrary.csproj", "{17E8C96D-7EFF-4FE9-B3EB-E6D1F9AE51A4}"
EndProject
Project("{FAE04EC0-301F-11D3-BF4B-00C04F79EFBC}") = "Ziewaar.RAD.Doodads.CommonComponents", "Ziewaar.RAD.Doodads.CommonComponents\Ziewaar.RAD.Doodads.CommonComponents.csproj", "{0B68E0BA-6192-42EE-BADD-99C7BB0DD4CA}"
EndProject
Project("{FAE04EC0-301F-11D3-BF4B-00C04F79EFBC}") = "Ziewaar.RAD.Doodads.StandaloneWebserver", "Ziewaar.RAD.Doodads.StandaloneWebserver\Ziewaar.RAD.Doodads.StandaloneWebserver.csproj", "{C0BBD972-F4B6-4790-A213-77116EFDB9E3}"
EndProject
Project("{FAE04EC0-301F-11D3-BF4B-00C04F79EFBC}") = "Ziewaar.RAD.Doodads.RuntimeForDotnetCore", "Ziewaar.RAD.Doodads.RuntimeForDotnetCore\Ziewaar.RAD.Doodads.RuntimeForDotnetCore.csproj", "{4E438BC4-ADCA-4B71-8474-056BE9D45A58}"
EndProject
Project("{FAE04EC0-301F-11D3-BF4B-00C04F79EFBC}") = "Ziewaar.Common.Aardvargs", "Ziewaar.Common.Aardvargs\Ziewaar.Common.Aardvargs.csproj", "{8DC3E646-08BA-4C1F-8BD1-435FE8A34767}"
EndProject
Project("{FAE04EC0-301F-11D3-BF4B-00C04F79EFBC}") = "Ziewaar.Common.Aardvargs.Tests", "Ziewaar.Common.Aardvargs.Tests\Ziewaar.Common.Aardvargs.Tests.csproj", "{6B30C773-5E94-40B2-B07D-44F3D76A499C}"
EndProject
Project("{FAE04EC0-301F-11D3-BF4B-00C04F79EFBC}") = "Ziewaar.RAD.Doodads.ModuleLoader", "Ziewaar.RAD.Doodads.ModuleLoader\Ziewaar.RAD.Doodads.ModuleLoader.csproj", "{475015B1-FF56-4F35-A8E9-BDAA0F5128FC}"
EndProject
Project("{FAE04EC0-301F-11D3-BF4B-00C04F79EFBC}") = "Ziewaar.RAD.Doodads.RKOP", "Ziewaar.RAD.Doodads.RKOP\Ziewaar.RAD.Doodads.RKOP.csproj", "{E495A7CE-7925-4B20-B9DA-229A1ED9ED2D}"
EndProject
Project("{FAE04EC0-301F-11D3-BF4B-00C04F79EFBC}") = "Ziewaar.RAD.Doodads.RKOP.Testing", "Ziewaar.RAD.Doodads.RKOP.Testing\Ziewaar.RAD.Doodads.RKOP.Testing.csproj", "{48098A72-B1E5-4111-A716-77FC4412DF08}"
EndProject
Project("{FAE04EC0-301F-11D3-BF4B-00C04F79EFBC}") = "Ziewaar.RAD.Starter", "Ziewaar.RAD.Starter\Ziewaar.RAD.Starter.csproj", "{FAE7F02D-370F-4EEA-81A8-C3820E0C5A5F}"
EndProject
Project("{FAE04EC0-301F-11D3-BF4B-00C04F79EFBC}") = "Ziewaar.RAD.Starter.Test", "Ziewaar.RAD.Starter.Test\Ziewaar.RAD.Starter.Test.csproj", "{A4E20919-E78A-4D67-B29A-9BBC3EA9E16B}"
EndProject
Project("{FAE04EC0-301F-11D3-BF4B-00C04F79EFBC}") = "Ziewaar.RAD.Doodads.Data", "Ziewaar.RAD.Doodads.Data\Ziewaar.RAD.Doodads.Data.csproj", "{C46FE74F-125F-46BA-8EF2-B1A45983D864}"
EndProject
Project("{FAE04EC0-301F-11D3-BF4B-00C04F79EFBC}") = "Ziewaar.RAD.Doodads.SQLite", "Ziewaar.RAD.Doodads.SQLite\Ziewaar.RAD.Doodads.SQLite.csproj", "{249C89DD-FB82-42EF-8E51-AE2284733ECF}"
EndProject
Project("{FAE04EC0-301F-11D3-BF4B-00C04F79EFBC}") = "Ziewaar.RAD.Doodads.MySQL", "Ziewaar.RAD.Doodads.MySQL\Ziewaar.RAD.Doodads.MySQL.csproj", "{7E315044-1703-483B-B235-C92E99688943}"
EndProject
Project("{FAE04EC0-301F-11D3-BF4B-00C04F79EFBC}") = "Ziewaar.RAD.Doodads.FormsValidation", "Ziewaar.RAD.Doodads.FormsValidation\Ziewaar.RAD.Doodads.FormsValidation.csproj", "{8CD72807-1CD3-4697-874F-F72C027E5B94}"
EndProject
Project("{FAE04EC0-301F-11D3-BF4B-00C04F79EFBC}") = "Ziewaar.RAD.Doodads.Cryptography", "Ziewaar.RAD.Doodads.Cryptography\Ziewaar.RAD.Doodads.Cryptography.csproj", "{2642578C-0CDE-4362-8401-51A4A7C8D91A}"
EndProject
Global
	GlobalSection(SolutionConfigurationPlatforms) = preSolution
		Debug|Any CPU = Debug|Any CPU
		Release|Any CPU = Release|Any CPU
	EndGlobalSection
	GlobalSection(ProjectConfigurationPlatforms) = postSolution
		{17E8C96D-7EFF-4FE9-B3EB-E6D1F9AE51A4}.Debug|Any CPU.ActiveCfg = Debug|Any CPU
		{17E8C96D-7EFF-4FE9-B3EB-E6D1F9AE51A4}.Debug|Any CPU.Build.0 = Debug|Any CPU
		{17E8C96D-7EFF-4FE9-B3EB-E6D1F9AE51A4}.Release|Any CPU.ActiveCfg = Release|Any CPU
		{17E8C96D-7EFF-4FE9-B3EB-E6D1F9AE51A4}.Release|Any CPU.Build.0 = Release|Any CPU
		{0B68E0BA-6192-42EE-BADD-99C7BB0DD4CA}.Debug|Any CPU.ActiveCfg = Debug|Any CPU
		{0B68E0BA-6192-42EE-BADD-99C7BB0DD4CA}.Debug|Any CPU.Build.0 = Debug|Any CPU
		{0B68E0BA-6192-42EE-BADD-99C7BB0DD4CA}.Release|Any CPU.ActiveCfg = Release|Any CPU
		{0B68E0BA-6192-42EE-BADD-99C7BB0DD4CA}.Release|Any CPU.Build.0 = Release|Any CPU
		{C0BBD972-F4B6-4790-A213-77116EFDB9E3}.Debug|Any CPU.ActiveCfg = Debug|Any CPU
		{C0BBD972-F4B6-4790-A213-77116EFDB9E3}.Debug|Any CPU.Build.0 = Debug|Any CPU
		{C0BBD972-F4B6-4790-A213-77116EFDB9E3}.Release|Any CPU.ActiveCfg = Release|Any CPU
		{C0BBD972-F4B6-4790-A213-77116EFDB9E3}.Release|Any CPU.Build.0 = Release|Any CPU
		{4E438BC4-ADCA-4B71-8474-056BE9D45A58}.Debug|Any CPU.ActiveCfg = Debug|Any CPU
		{4E438BC4-ADCA-4B71-8474-056BE9D45A58}.Debug|Any CPU.Build.0 = Debug|Any CPU
		{4E438BC4-ADCA-4B71-8474-056BE9D45A58}.Release|Any CPU.ActiveCfg = Release|Any CPU
		{4E438BC4-ADCA-4B71-8474-056BE9D45A58}.Release|Any CPU.Build.0 = Release|Any CPU
		{8DC3E646-08BA-4C1F-8BD1-435FE8A34767}.Debug|Any CPU.ActiveCfg = Debug|Any CPU
		{8DC3E646-08BA-4C1F-8BD1-435FE8A34767}.Debug|Any CPU.Build.0 = Debug|Any CPU
		{8DC3E646-08BA-4C1F-8BD1-435FE8A34767}.Release|Any CPU.ActiveCfg = Release|Any CPU
		{8DC3E646-08BA-4C1F-8BD1-435FE8A34767}.Release|Any CPU.Build.0 = Release|Any CPU
		{6B30C773-5E94-40B2-B07D-44F3D76A499C}.Debug|Any CPU.ActiveCfg = Debug|Any CPU
		{6B30C773-5E94-40B2-B07D-44F3D76A499C}.Debug|Any CPU.Build.0 = Debug|Any CPU
		{6B30C773-5E94-40B2-B07D-44F3D76A499C}.Release|Any CPU.ActiveCfg = Release|Any CPU
		{6B30C773-5E94-40B2-B07D-44F3D76A499C}.Release|Any CPU.Build.0 = Release|Any CPU
		{475015B1-FF56-4F35-A8E9-BDAA0F5128FC}.Debug|Any CPU.ActiveCfg = Debug|Any CPU
		{475015B1-FF56-4F35-A8E9-BDAA0F5128FC}.Debug|Any CPU.Build.0 = Debug|Any CPU
		{475015B1-FF56-4F35-A8E9-BDAA0F5128FC}.Release|Any CPU.ActiveCfg = Release|Any CPU
		{475015B1-FF56-4F35-A8E9-BDAA0F5128FC}.Release|Any CPU.Build.0 = Release|Any CPU
		{E495A7CE-7925-4B20-B9DA-229A1ED9ED2D}.Debug|Any CPU.ActiveCfg = Debug|Any CPU
		{E495A7CE-7925-4B20-B9DA-229A1ED9ED2D}.Debug|Any CPU.Build.0 = Debug|Any CPU
		{E495A7CE-7925-4B20-B9DA-229A1ED9ED2D}.Release|Any CPU.ActiveCfg = Release|Any CPU
		{E495A7CE-7925-4B20-B9DA-229A1ED9ED2D}.Release|Any CPU.Build.0 = Release|Any CPU
		{48098A72-B1E5-4111-A716-77FC4412DF08}.Debug|Any CPU.ActiveCfg = Debug|Any CPU
		{48098A72-B1E5-4111-A716-77FC4412DF08}.Debug|Any CPU.Build.0 = Debug|Any CPU
		{48098A72-B1E5-4111-A716-77FC4412DF08}.Release|Any CPU.ActiveCfg = Release|Any CPU
		{48098A72-B1E5-4111-A716-77FC4412DF08}.Release|Any CPU.Build.0 = Release|Any CPU
		{FAE7F02D-370F-4EEA-81A8-C3820E0C5A5F}.Debug|Any CPU.ActiveCfg = Debug|Any CPU
		{FAE7F02D-370F-4EEA-81A8-C3820E0C5A5F}.Debug|Any CPU.Build.0 = Debug|Any CPU
		{FAE7F02D-370F-4EEA-81A8-C3820E0C5A5F}.Release|Any CPU.ActiveCfg = Release|Any CPU
		{FAE7F02D-370F-4EEA-81A8-C3820E0C5A5F}.Release|Any CPU.Build.0 = Release|Any CPU
		{A4E20919-E78A-4D67-B29A-9BBC3EA9E16B}.Debug|Any CPU.ActiveCfg = Debug|Any CPU
		{A4E20919-E78A-4D67-B29A-9BBC3EA9E16B}.Debug|Any CPU.Build.0 = Debug|Any CPU
		{A4E20919-E78A-4D67-B29A-9BBC3EA9E16B}.Release|Any CPU.ActiveCfg = Release|Any CPU
		{A4E20919-E78A-4D67-B29A-9BBC3EA9E16B}.Release|Any CPU.Build.0 = Release|Any CPU
		{C46FE74F-125F-46BA-8EF2-B1A45983D864}.Debug|Any CPU.ActiveCfg = Debug|Any CPU
		{C46FE74F-125F-46BA-8EF2-B1A45983D864}.Debug|Any CPU.Build.0 = Debug|Any CPU
		{C46FE74F-125F-46BA-8EF2-B1A45983D864}.Release|Any CPU.ActiveCfg = Release|Any CPU
		{C46FE74F-125F-46BA-8EF2-B1A45983D864}.Release|Any CPU.Build.0 = Release|Any CPU
		{249C89DD-FB82-42EF-8E51-AE2284733ECF}.Debug|Any CPU.ActiveCfg = Debug|Any CPU
		{249C89DD-FB82-42EF-8E51-AE2284733ECF}.Debug|Any CPU.Build.0 = Debug|Any CPU
		{249C89DD-FB82-42EF-8E51-AE2284733ECF}.Release|Any CPU.ActiveCfg = Release|Any CPU
		{249C89DD-FB82-42EF-8E51-AE2284733ECF}.Release|Any CPU.Build.0 = Release|Any CPU
		{7E315044-1703-483B-B235-C92E99688943}.Debug|Any CPU.ActiveCfg = Debug|Any CPU
		{7E315044-1703-483B-B235-C92E99688943}.Debug|Any CPU.Build.0 = Debug|Any CPU
		{7E315044-1703-483B-B235-C92E99688943}.Release|Any CPU.ActiveCfg = Release|Any CPU
		{7E315044-1703-483B-B235-C92E99688943}.Release|Any CPU.Build.0 = Release|Any CPU
		{8CD72807-1CD3-4697-874F-F72C027E5B94}.Debug|Any CPU.ActiveCfg = Debug|Any CPU
		{8CD72807-1CD3-4697-874F-F72C027E5B94}.Debug|Any CPU.Build.0 = Debug|Any CPU
		{8CD72807-1CD3-4697-874F-F72C027E5B94}.Release|Any CPU.ActiveCfg = Release|Any CPU
		{8CD72807-1CD3-4697-874F-F72C027E5B94}.Release|Any CPU.Build.0 = Release|Any CPU
		{2642578C-0CDE-4362-8401-51A4A7C8D91A}.Debug|Any CPU.ActiveCfg = Debug|Any CPU
		{2642578C-0CDE-4362-8401-51A4A7C8D91A}.Debug|Any CPU.Build.0 = Debug|Any CPU
		{2642578C-0CDE-4362-8401-51A4A7C8D91A}.Release|Any CPU.ActiveCfg = Release|Any CPU
		{2642578C-0CDE-4362-8401-51A4A7C8D91A}.Release|Any CPU.Build.0 = Release|Any CPU
	EndGlobalSection
	GlobalSection(SolutionProperties) = preSolution
		HideSolutionNode = FALSE
	EndGlobalSection
	GlobalSection(ExtensibilityGlobals) = postSolution
		SolutionGuid = {96E4D069-1C68-4902-BC93-32D1CE7F3636}
	EndGlobalSection
EndGlobal
