
Microsoft Visual Studio Solution File, Format Version 12.00
Project("{FAE04EC0-301F-11D3-BF4B-00C04F79EFBC}") = "Ziewaar.RAD.Doodads.RuntimeDNC", "Ziewaar.RAD.Doodads.RuntimeDNC\Ziewaar.RAD.Doodads.RuntimeDNC.csproj", "{C9EE7369-5A86-444B-93CD-003CDD9EB339}"
EndProject
Project("{FAE04EC0-301F-11D3-BF4B-00C04F79EFBC}") = "Ziewaar.RAD.Doodads.CoreLibrary", "Ziewaar.RAD.Doodads.CoreLibrary\Ziewaar.RAD.Doodads.CoreLibrary.csproj", "{17E8C96D-7EFF-4FE9-B3EB-E6D1F9AE51A4}"
EndProject
Project("{FAE04EC0-301F-11D3-BF4B-00C04F79EFBC}") = "Ziewaar.RAD.Doodads.CommonComponents", "Ziewaar.RAD.Doodads.CommonComponents\Ziewaar.RAD.Doodads.CommonComponents.csproj", "{0B68E0BA-6192-42EE-BADD-99C7BB0DD4CA}"
EndProject
Global
	GlobalSection(SolutionConfigurationPlatforms) = preSolution
		Debug|Any CPU = Debug|Any CPU
		Release|Any CPU = Release|Any CPU
	EndGlobalSection
	GlobalSection(ProjectConfigurationPlatforms) = postSolution
		{C9EE7369-5A86-444B-93CD-003CDD9EB339}.Debug|Any CPU.ActiveCfg = Debug|Any CPU
		{C9EE7369-5A86-444B-93CD-003CDD9EB339}.Debug|Any CPU.Build.0 = Debug|Any CPU
		{C9EE7369-5A86-444B-93CD-003CDD9EB339}.Release|Any CPU.ActiveCfg = Release|Any CPU
		{C9EE7369-5A86-444B-93CD-003CDD9EB339}.Release|Any CPU.Build.0 = Release|Any CPU
		{17E8C96D-7EFF-4FE9-B3EB-E6D1F9AE51A4}.Debug|Any CPU.ActiveCfg = Debug|Any CPU
		{17E8C96D-7EFF-4FE9-B3EB-E6D1F9AE51A4}.Debug|Any CPU.Build.0 = Debug|Any CPU
		{17E8C96D-7EFF-4FE9-B3EB-E6D1F9AE51A4}.Release|Any CPU.ActiveCfg = Release|Any CPU
		{17E8C96D-7EFF-4FE9-B3EB-E6D1F9AE51A4}.Release|Any CPU.Build.0 = Release|Any CPU
		{0B68E0BA-6192-42EE-BADD-99C7BB0DD4CA}.Debug|Any CPU.ActiveCfg = Debug|Any CPU
		{0B68E0BA-6192-42EE-BADD-99C7BB0DD4CA}.Debug|Any CPU.Build.0 = Debug|Any CPU
		{0B68E0BA-6192-42EE-BADD-99C7BB0DD4CA}.Release|Any CPU.ActiveCfg = Release|Any CPU
		{0B68E0BA-6192-42EE-BADD-99C7BB0DD4CA}.Release|Any CPU.Build.0 = Release|Any CPU
	EndGlobalSection
EndGlobal
